
Microsoft Visual Studio Solution File, Format Version 12.00
# Visual Studio 15
VisualStudioVersion = 15.0.27004.2002
MinimumVisualStudioVersion = 10.0.40219.1
Project("{FAE04EC0-301F-11D3-BF4B-00C04F79EFBC}") = "ChallengeHeroMonsterClassesPart2", "ChallengeHeroMonsterClassesPart2\ChallengeHeroMonsterClassesPart2.csproj", "{CBC9DE45-8144-44E7-B2A7-633408C9829B}"
EndProject
Global
	GlobalSection(SolutionConfigurationPlatforms) = preSolution
		Debug|Any CPU = Debug|Any CPU
		Release|Any CPU = Release|Any CPU
	EndGlobalSection
	GlobalSection(ProjectConfigurationPlatforms) = postSolution
		{CBC9DE45-8144-44E7-B2A7-633408C9829B}.Debug|Any CPU.ActiveCfg = Debug|Any CPU
		{CBC9DE45-8144-44E7-B2A7-633408C9829B}.Debug|Any CPU.Build.0 = Debug|Any CPU
		{CBC9DE45-8144-44E7-B2A7-633408C9829B}.Release|Any CPU.ActiveCfg = Release|Any CPU
		{CBC9DE45-8144-44E7-B2A7-633408C9829B}.Release|Any CPU.Build.0 = Release|Any CPU
	EndGlobalSection
	GlobalSection(SolutionProperties) = preSolution
		HideSolutionNode = FALSE
	EndGlobalSection
	GlobalSection(ExtensibilityGlobals) = postSolution
		SolutionGuid = {6256960F-66EF-43CA-9837-8DDD8723E1FC}
	EndGlobalSection
EndGlobal
